
Microsoft Visual Studio Solution File, Format Version 12.00
Project("{FAE04EC0-301F-11D3-BF4B-00C04F79EFBC}") = "Domain.Developers", "Domain.Developers\Domain.Developers.csproj", "{DF4A5F0B-E367-45DA-B8BD-D24F719770B3}"
EndProject
Project("{FAE04EC0-301F-11D3-BF4B-00C04F79EFBC}") = "Domain.Content", "Domain.Content\Domain.Content.csproj", "{E24DD19C-01DF-4251-A2F1-B90E71998AE9}"
EndProject
Project("{FAE04EC0-301F-11D3-BF4B-00C04F79EFBC}") = "Domain.Subscriptions", "Domain.Subscriptions\Domain.Subscriptions.csproj", "{D809AA97-0256-4266-99D5-CD7097FA3D7E}"
EndProject
Project("{FAE04EC0-301F-11D3-BF4B-00C04F79EFBC}") = "Domain.Payments", "Domain.Payments\Domain.Payments.csproj", "{50FC4A59-DD60-4543-B1A8-097471655A69}"
EndProject
Project("{FAE04EC0-301F-11D3-BF4B-00C04F79EFBC}") = "Data.Core", "Data.Core\Data.Core.csproj", "{3FE501E7-CFFC-4341-ABFE-C0FE365B5259}"
EndProject
Project("{FAE04EC0-301F-11D3-BF4B-00C04F79EFBC}") = "Web.API", "Web.API\Web.API.csproj", "{61DB3F66-437F-40F3-A2A9-117F72381175}"
EndProject
Project("{FAE04EC0-301F-11D3-BF4B-00C04F79EFBC}") = "Services.Developers", "Services.Developers\Services.Developers.csproj", "{AB2913B4-F6D2-46C5-AF9A-2BDA90759BF1}"
EndProject
Project("{2150E333-8FDC-42A3-9474-1A3956D46DE8}") = "Content", "Content", "{2B1AF4D4-0F5C-4C5E-AF7B-EC175F55DAF1}"
EndProject
Project("{2150E333-8FDC-42A3-9474-1A3956D46DE8}") = "Developers", "Developers", "{9C9B7CAD-90E1-4112-8FCA-3FD2CADFAE12}"
EndProject
Project("{2150E333-8FDC-42A3-9474-1A3956D46DE8}") = "Payments", "Payments", "{A42BAD73-FF84-41E7-9C62-3D79A948BE4C}"
EndProject
Project("{2150E333-8FDC-42A3-9474-1A3956D46DE8}") = "Subscriptions", "Subscriptions", "{F2B4D6E0-E2A6-49B7-B753-3BEA6FFE3133}"
EndProject
Project("{FAE04EC0-301F-11D3-BF4B-00C04F79EFBC}") = "Services.Content", "Services.Content\Services.Content.csproj", "{99D64B53-BC79-4EF5-ABED-72A3B84F5ACD}"
EndProject
Project("{FAE04EC0-301F-11D3-BF4B-00C04F79EFBC}") = "Services.Subscriptions", "Services.Subscriptions\Services.Subscriptions.csproj", "{96B6B870-2C6F-4D33-AA0B-101C4B5EBAAD}"
EndProject
Project("{FAE04EC0-301F-11D3-BF4B-00C04F79EFBC}") = "Services.Payments", "Services.Payments\Services.Payments.csproj", "{F7D6C988-2B93-40EF-93CC-39B97C3827DE}"
EndProject
Project("{2150E333-8FDC-42A3-9474-1A3956D46DE8}") = "Auth", "Auth", "{9E67B403-9292-46A1-A7F5-C19A46E6A7D4}"
EndProject
Project("{FAE04EC0-301F-11D3-BF4B-00C04F79EFBC}") = "Domain.Users", "Domain.Users\Domain.Users.csproj", "{B320BD88-A422-40E0-B128-DD6E04900BC0}"
EndProject
Project("{FAE04EC0-301F-11D3-BF4B-00C04F79EFBC}") = "Services.Users", "Services.Users\Services.Users.csproj", "{1470C5A8-71E9-4A35-93EC-66B51A2C1A06}"
EndProject
Project("{FAE04EC0-301F-11D3-BF4B-00C04F79EFBC}") = "Gateway", "..\Gateway\Gateway.csproj", "{7E10054D-6245-4433-AB50-C5D63ED7720C}"
EndProject
Project("{FAE04EC0-301F-11D3-BF4B-00C04F79EFBC}") = "Rabbit", "Rabbit\Rabbit.csproj", "{470165EA-C66F-492B-8971-F45FACC9E177}"
EndProject
Project("{FAE04EC0-301F-11D3-BF4B-00C04F79EFBC}") = "Background", "Background\Background.csproj", "{59F03ACD-6749-4BC5-84E7-495410CC6222}"
EndProject
Project("{2150E333-8FDC-42A3-9474-1A3956D46DE8}") = "ExternalServices", "ExternalServices", "{FB60FC22-27FC-4571-933D-4C2F6C357B62}"
EndProject
Global
	GlobalSection(SolutionConfigurationPlatforms) = preSolution
		Debug|Any CPU = Debug|Any CPU
		Release|Any CPU = Release|Any CPU
	EndGlobalSection
	GlobalSection(NestedProjects) = preSolution
		{E24DD19C-01DF-4251-A2F1-B90E71998AE9} = {2B1AF4D4-0F5C-4C5E-AF7B-EC175F55DAF1}
		{DF4A5F0B-E367-45DA-B8BD-D24F719770B3} = {9C9B7CAD-90E1-4112-8FCA-3FD2CADFAE12}
		{50FC4A59-DD60-4543-B1A8-097471655A69} = {A42BAD73-FF84-41E7-9C62-3D79A948BE4C}
		{D809AA97-0256-4266-99D5-CD7097FA3D7E} = {F2B4D6E0-E2A6-49B7-B753-3BEA6FFE3133}
		{AB2913B4-F6D2-46C5-AF9A-2BDA90759BF1} = {9C9B7CAD-90E1-4112-8FCA-3FD2CADFAE12}
		{99D64B53-BC79-4EF5-ABED-72A3B84F5ACD} = {2B1AF4D4-0F5C-4C5E-AF7B-EC175F55DAF1}
		{96B6B870-2C6F-4D33-AA0B-101C4B5EBAAD} = {F2B4D6E0-E2A6-49B7-B753-3BEA6FFE3133}
		{F7D6C988-2B93-40EF-93CC-39B97C3827DE} = {A42BAD73-FF84-41E7-9C62-3D79A948BE4C}
		{B320BD88-A422-40E0-B128-DD6E04900BC0} = {9E67B403-9292-46A1-A7F5-C19A46E6A7D4}
		{1470C5A8-71E9-4A35-93EC-66B51A2C1A06} = {9E67B403-9292-46A1-A7F5-C19A46E6A7D4}
		{59F03ACD-6749-4BC5-84E7-495410CC6222} = {FB60FC22-27FC-4571-933D-4C2F6C357B62}
		{7E10054D-6245-4433-AB50-C5D63ED7720C} = {FB60FC22-27FC-4571-933D-4C2F6C357B62}
	EndGlobalSection
	GlobalSection(ProjectConfigurationPlatforms) = postSolution
		{DF4A5F0B-E367-45DA-B8BD-D24F719770B3}.Debug|Any CPU.ActiveCfg = Debug|Any CPU
		{DF4A5F0B-E367-45DA-B8BD-D24F719770B3}.Debug|Any CPU.Build.0 = Debug|Any CPU
		{DF4A5F0B-E367-45DA-B8BD-D24F719770B3}.Release|Any CPU.ActiveCfg = Release|Any CPU
		{DF4A5F0B-E367-45DA-B8BD-D24F719770B3}.Release|Any CPU.Build.0 = Release|Any CPU
		{E24DD19C-01DF-4251-A2F1-B90E71998AE9}.Debug|Any CPU.ActiveCfg = Debug|Any CPU
		{E24DD19C-01DF-4251-A2F1-B90E71998AE9}.Debug|Any CPU.Build.0 = Debug|Any CPU
		{E24DD19C-01DF-4251-A2F1-B90E71998AE9}.Release|Any CPU.ActiveCfg = Release|Any CPU
		{E24DD19C-01DF-4251-A2F1-B90E71998AE9}.Release|Any CPU.Build.0 = Release|Any CPU
		{D809AA97-0256-4266-99D5-CD7097FA3D7E}.Debug|Any CPU.ActiveCfg = Debug|Any CPU
		{D809AA97-0256-4266-99D5-CD7097FA3D7E}.Debug|Any CPU.Build.0 = Debug|Any CPU
		{D809AA97-0256-4266-99D5-CD7097FA3D7E}.Release|Any CPU.ActiveCfg = Release|Any CPU
		{D809AA97-0256-4266-99D5-CD7097FA3D7E}.Release|Any CPU.Build.0 = Release|Any CPU
		{50FC4A59-DD60-4543-B1A8-097471655A69}.Debug|Any CPU.ActiveCfg = Debug|Any CPU
		{50FC4A59-DD60-4543-B1A8-097471655A69}.Debug|Any CPU.Build.0 = Debug|Any CPU
		{50FC4A59-DD60-4543-B1A8-097471655A69}.Release|Any CPU.ActiveCfg = Release|Any CPU
		{50FC4A59-DD60-4543-B1A8-097471655A69}.Release|Any CPU.Build.0 = Release|Any CPU
		{3FE501E7-CFFC-4341-ABFE-C0FE365B5259}.Debug|Any CPU.ActiveCfg = Debug|Any CPU
		{3FE501E7-CFFC-4341-ABFE-C0FE365B5259}.Debug|Any CPU.Build.0 = Debug|Any CPU
		{3FE501E7-CFFC-4341-ABFE-C0FE365B5259}.Release|Any CPU.ActiveCfg = Release|Any CPU
		{3FE501E7-CFFC-4341-ABFE-C0FE365B5259}.Release|Any CPU.Build.0 = Release|Any CPU
		{61DB3F66-437F-40F3-A2A9-117F72381175}.Debug|Any CPU.ActiveCfg = Debug|Any CPU
		{61DB3F66-437F-40F3-A2A9-117F72381175}.Debug|Any CPU.Build.0 = Debug|Any CPU
		{61DB3F66-437F-40F3-A2A9-117F72381175}.Release|Any CPU.ActiveCfg = Release|Any CPU
		{61DB3F66-437F-40F3-A2A9-117F72381175}.Release|Any CPU.Build.0 = Release|Any CPU
		{AB2913B4-F6D2-46C5-AF9A-2BDA90759BF1}.Debug|Any CPU.ActiveCfg = Debug|Any CPU
		{AB2913B4-F6D2-46C5-AF9A-2BDA90759BF1}.Debug|Any CPU.Build.0 = Debug|Any CPU
		{AB2913B4-F6D2-46C5-AF9A-2BDA90759BF1}.Release|Any CPU.ActiveCfg = Release|Any CPU
		{AB2913B4-F6D2-46C5-AF9A-2BDA90759BF1}.Release|Any CPU.Build.0 = Release|Any CPU
		{99D64B53-BC79-4EF5-ABED-72A3B84F5ACD}.Debug|Any CPU.ActiveCfg = Debug|Any CPU
		{99D64B53-BC79-4EF5-ABED-72A3B84F5ACD}.Debug|Any CPU.Build.0 = Debug|Any CPU
		{99D64B53-BC79-4EF5-ABED-72A3B84F5ACD}.Release|Any CPU.ActiveCfg = Release|Any CPU
		{99D64B53-BC79-4EF5-ABED-72A3B84F5ACD}.Release|Any CPU.Build.0 = Release|Any CPU
		{96B6B870-2C6F-4D33-AA0B-101C4B5EBAAD}.Debug|Any CPU.ActiveCfg = Debug|Any CPU
		{96B6B870-2C6F-4D33-AA0B-101C4B5EBAAD}.Debug|Any CPU.Build.0 = Debug|Any CPU
		{96B6B870-2C6F-4D33-AA0B-101C4B5EBAAD}.Release|Any CPU.ActiveCfg = Release|Any CPU
		{96B6B870-2C6F-4D33-AA0B-101C4B5EBAAD}.Release|Any CPU.Build.0 = Release|Any CPU
		{F7D6C988-2B93-40EF-93CC-39B97C3827DE}.Debug|Any CPU.ActiveCfg = Debug|Any CPU
		{F7D6C988-2B93-40EF-93CC-39B97C3827DE}.Debug|Any CPU.Build.0 = Debug|Any CPU
		{F7D6C988-2B93-40EF-93CC-39B97C3827DE}.Release|Any CPU.ActiveCfg = Release|Any CPU
		{F7D6C988-2B93-40EF-93CC-39B97C3827DE}.Release|Any CPU.Build.0 = Release|Any CPU
		{B320BD88-A422-40E0-B128-DD6E04900BC0}.Debug|Any CPU.ActiveCfg = Debug|Any CPU
		{B320BD88-A422-40E0-B128-DD6E04900BC0}.Debug|Any CPU.Build.0 = Debug|Any CPU
		{B320BD88-A422-40E0-B128-DD6E04900BC0}.Release|Any CPU.ActiveCfg = Release|Any CPU
		{B320BD88-A422-40E0-B128-DD6E04900BC0}.Release|Any CPU.Build.0 = Release|Any CPU
		{1470C5A8-71E9-4A35-93EC-66B51A2C1A06}.Debug|Any CPU.ActiveCfg = Debug|Any CPU
		{1470C5A8-71E9-4A35-93EC-66B51A2C1A06}.Debug|Any CPU.Build.0 = Debug|Any CPU
		{1470C5A8-71E9-4A35-93EC-66B51A2C1A06}.Release|Any CPU.ActiveCfg = Release|Any CPU
		{1470C5A8-71E9-4A35-93EC-66B51A2C1A06}.Release|Any CPU.Build.0 = Release|Any CPU
		{7E10054D-6245-4433-AB50-C5D63ED7720C}.Debug|Any CPU.ActiveCfg = Debug|Any CPU
		{7E10054D-6245-4433-AB50-C5D63ED7720C}.Debug|Any CPU.Build.0 = Debug|Any CPU
		{7E10054D-6245-4433-AB50-C5D63ED7720C}.Release|Any CPU.ActiveCfg = Release|Any CPU
		{7E10054D-6245-4433-AB50-C5D63ED7720C}.Release|Any CPU.Build.0 = Release|Any CPU
		{470165EA-C66F-492B-8971-F45FACC9E177}.Debug|Any CPU.ActiveCfg = Debug|Any CPU
		{470165EA-C66F-492B-8971-F45FACC9E177}.Debug|Any CPU.Build.0 = Debug|Any CPU
		{470165EA-C66F-492B-8971-F45FACC9E177}.Release|Any CPU.ActiveCfg = Release|Any CPU
		{470165EA-C66F-492B-8971-F45FACC9E177}.Release|Any CPU.Build.0 = Release|Any CPU
		{59F03ACD-6749-4BC5-84E7-495410CC6222}.Debug|Any CPU.ActiveCfg = Debug|Any CPU
		{59F03ACD-6749-4BC5-84E7-495410CC6222}.Debug|Any CPU.Build.0 = Debug|Any CPU
		{59F03ACD-6749-4BC5-84E7-495410CC6222}.Release|Any CPU.ActiveCfg = Release|Any CPU
		{59F03ACD-6749-4BC5-84E7-495410CC6222}.Release|Any CPU.Build.0 = Release|Any CPU
	EndGlobalSection
EndGlobal
