
Microsoft Visual Studio Solution File, Format Version 12.00
# Visual Studio Version 16
VisualStudioVersion = 16.0.810.16
MinimumVisualStudioVersion = 10.0.40219.1
Project("{FAE04EC0-301F-11D3-BF4B-00C04F79EFBC}") = "Auth.Web", "Auth.Web\Auth.Web.csproj", "{DF43CCF2-0E19-448A-B212-4CA07B180D75}"
EndProject
Project("{FAE04EC0-301F-11D3-BF4B-00C04F79EFBC}") = "Auth.Web.Tests", "Auth.Web.Tests\Auth.Web.Tests.csproj", "{9F4D7CE9-9090-46C6-B6D3-0C986961C119}"
EndProject
Project("{2150E333-8FDC-42A3-9474-1A3956D46DE8}") = "docker", "docker", "{773F9C39-208B-44F5-9BCB-4A3A450654AE}"
	ProjectSection(SolutionItems) = preProject
		..\..\docker-compose.yml = ..\..\docker-compose.yml
	EndProjectSection
EndProject
Global
	GlobalSection(SolutionConfigurationPlatforms) = preSolution
		Debug|Any CPU = Debug|Any CPU
		Release|Any CPU = Release|Any CPU
	EndGlobalSection
	GlobalSection(ProjectConfigurationPlatforms) = postSolution
		{DF43CCF2-0E19-448A-B212-4CA07B180D75}.Debug|Any CPU.ActiveCfg = Debug|Any CPU
		{DF43CCF2-0E19-448A-B212-4CA07B180D75}.Debug|Any CPU.Build.0 = Debug|Any CPU
		{DF43CCF2-0E19-448A-B212-4CA07B180D75}.Release|Any CPU.ActiveCfg = Release|Any CPU
		{DF43CCF2-0E19-448A-B212-4CA07B180D75}.Release|Any CPU.Build.0 = Release|Any CPU
		{9F4D7CE9-9090-46C6-B6D3-0C986961C119}.Debug|Any CPU.ActiveCfg = Debug|Any CPU
		{9F4D7CE9-9090-46C6-B6D3-0C986961C119}.Debug|Any CPU.Build.0 = Debug|Any CPU
		{9F4D7CE9-9090-46C6-B6D3-0C986961C119}.Release|Any CPU.ActiveCfg = Release|Any CPU
		{9F4D7CE9-9090-46C6-B6D3-0C986961C119}.Release|Any CPU.Build.0 = Release|Any CPU
	EndGlobalSection
	GlobalSection(SolutionProperties) = preSolution
		HideSolutionNode = FALSE
	EndGlobalSection
	GlobalSection(ExtensibilityGlobals) = postSolution
		SolutionGuid = {0CA635BE-DB34-4FFE-9B6E-B4980A8B6151}
	EndGlobalSection
EndGlobal
